
Microsoft Visual Studio Solution File, Format Version 12.00
# Visual Studio Version 17
VisualStudioVersion = 17.3.32901.215
MinimumVisualStudioVersion = 10.0.40219.1
Project("{2150E333-8FDC-42A3-9474-1A3956D46DE8}") = "Services", "Services", "{93AF97B1-ED3E-40A4-8057-A3D8EB9DE1D7}"
EndProject
Project("{2150E333-8FDC-42A3-9474-1A3956D46DE8}") = "Catalog", "Catalog", "{BE260D52-573B-43F4-BE74-DE0CC2A40762}"
EndProject
Project("{9A19103F-16F7-4668-BE54-9A1E7A4F7556}") = "services.Catalog", "Services\Catalog\services.Catalog\services.Catalog.csproj", "{43F32766-2E70-45B2-8859-D9585BCCB9D9}"
EndProject
Project("{2150E333-8FDC-42A3-9474-1A3956D46DE8}") = "Shared", "Shared", "{9CBF46CB-1EE0-4089-8EE0-2F8E0054CB59}"
EndProject
Project("{9A19103F-16F7-4668-BE54-9A1E7A4F7556}") = "Microservice.Shared", "Shared\Microservice.Shared\Microservice.Shared.csproj", "{9A92DCAB-8EA0-4F39-A2F1-66091F522903}"
EndProject
Project("{2150E333-8FDC-42A3-9474-1A3956D46DE8}") = "IdentityServer", "IdentityServer", "{724E20BB-AFDD-4CC5-BB4B-BB900BE6779A}"
EndProject
Project("{9A19103F-16F7-4668-BE54-9A1E7A4F7556}") = "Course.IdentityServer", "IdentityServer\Course.IdentityServer\Course.IdentityServer.csproj", "{5505A6A7-A8A6-406A-8DF7-C86524C6056E}"
EndProject
Project("{2150E333-8FDC-42A3-9474-1A3956D46DE8}") = "PhotoStock", "PhotoStock", "{D386C90C-5B62-476F-BF84-62BF17FBE910}"
EndProject
Project("{9A19103F-16F7-4668-BE54-9A1E7A4F7556}") = "Services.PhotoStock", "Services\PhotoStock\Services.PhotoStock\Services.PhotoStock.csproj", "{696F748E-D564-49A2-B613-4FBAD2A7ECAC}"
EndProject
Project("{2150E333-8FDC-42A3-9474-1A3956D46DE8}") = "Basket", "Basket", "{3CBC8AA7-7587-4595-BEFE-695C9388C248}"
EndProject
Project("{9A19103F-16F7-4668-BE54-9A1E7A4F7556}") = "Services.Basket", "Services\Basket\Services.Basket\Services.Basket.csproj", "{EC409EAF-4C5F-4F4D-AE67-C132E1411F30}"
EndProject
Project("{2150E333-8FDC-42A3-9474-1A3956D46DE8}") = "Discount", "Discount", "{66148D7D-334A-422B-A251-F4894F4A17DC}"
EndProject
Project("{9A19103F-16F7-4668-BE54-9A1E7A4F7556}") = "Services.Discount", "Services\Discount\Services.Discount\Services.Discount.csproj", "{8A748442-3CEE-4DC9-A437-64A67F39A728}"
EndProject
Project("{2150E333-8FDC-42A3-9474-1A3956D46DE8}") = "Order", "Order", "{6144EFC6-B66D-41DB-8EE0-6D87F0142819}"
EndProject
Project("{9A19103F-16F7-4668-BE54-9A1E7A4F7556}") = "Services.Order.API", "Services\Order\Services.Order.API\Services.Order.API.csproj", "{4655DF8D-FC71-4AAE-AC3C-3C36D78CD22D}"
EndProject
Project("{9A19103F-16F7-4668-BE54-9A1E7A4F7556}") = "Services.Order.Application", "Services\Order\Services.Order.Application\Services.Order.Application.csproj", "{7F69AA7A-3D91-435C-8A24-B5512724D5CF}"
EndProject
Project("{9A19103F-16F7-4668-BE54-9A1E7A4F7556}") = "Services.Order.Domain", "Services\Order\Services.Order.Domain\Services.Order.Domain.csproj", "{60F27F78-F8A3-4893-B26E-AF8216AB8EC4}"
EndProject
Project("{9A19103F-16F7-4668-BE54-9A1E7A4F7556}") = "Services.Order.Domain.Core", "Services\Order\Services.Order.Domain.Core\Services.Order.Domain.Core.csproj", "{8E921DC9-4F4B-4778-8967-6184C9F96462}"
EndProject
Project("{9A19103F-16F7-4668-BE54-9A1E7A4F7556}") = "Services.Order.Infrasturcture", "Services\Order\Services.Order.Infrasturcture\Services.Order.Infrasturcture.csproj", "{C127D72D-2114-449D-927B-F21DA650C671}"
EndProject
Project("{2150E333-8FDC-42A3-9474-1A3956D46DE8}") = "Payment", "Payment", "{7EA4AAE7-696D-430E-BEBA-3A2A7EFAFEB2}"
EndProject
Project("{9A19103F-16F7-4668-BE54-9A1E7A4F7556}") = "Services.Payment", "Services\Payment\Services.Payment\Services.Payment.csproj", "{36E34638-5BC5-4AA0-AF3A-B4402086E10D}"
EndProject
Project("{2150E333-8FDC-42A3-9474-1A3956D46DE8}") = "Gateways", "Gateways", "{3E33A8E8-4A0F-4117-9DE1-4CA075A3CDA0}"
EndProject
Project("{9A19103F-16F7-4668-BE54-9A1E7A4F7556}") = "Gateway", "Gateway\Gateway.csproj", "{7D78250B-5527-4286-B963-75C1D2A2F35D}"
EndProject
Project("{2150E333-8FDC-42A3-9474-1A3956D46DE8}") = "Clients", "Clients", "{5F1D1F9A-5B9F-418E-88AA-313306603395}"
EndProject
Global
	GlobalSection(SolutionConfigurationPlatforms) = preSolution
		Debug|Any CPU = Debug|Any CPU
		Release|Any CPU = Release|Any CPU
	EndGlobalSection
	GlobalSection(ProjectConfigurationPlatforms) = postSolution
		{43F32766-2E70-45B2-8859-D9585BCCB9D9}.Debug|Any CPU.ActiveCfg = Debug|Any CPU
		{43F32766-2E70-45B2-8859-D9585BCCB9D9}.Debug|Any CPU.Build.0 = Debug|Any CPU
		{43F32766-2E70-45B2-8859-D9585BCCB9D9}.Release|Any CPU.ActiveCfg = Release|Any CPU
		{43F32766-2E70-45B2-8859-D9585BCCB9D9}.Release|Any CPU.Build.0 = Release|Any CPU
		{9A92DCAB-8EA0-4F39-A2F1-66091F522903}.Debug|Any CPU.ActiveCfg = Debug|Any CPU
		{9A92DCAB-8EA0-4F39-A2F1-66091F522903}.Debug|Any CPU.Build.0 = Debug|Any CPU
		{9A92DCAB-8EA0-4F39-A2F1-66091F522903}.Release|Any CPU.ActiveCfg = Release|Any CPU
		{9A92DCAB-8EA0-4F39-A2F1-66091F522903}.Release|Any CPU.Build.0 = Release|Any CPU
		{5505A6A7-A8A6-406A-8DF7-C86524C6056E}.Debug|Any CPU.ActiveCfg = Debug|Any CPU
		{5505A6A7-A8A6-406A-8DF7-C86524C6056E}.Debug|Any CPU.Build.0 = Debug|Any CPU
		{5505A6A7-A8A6-406A-8DF7-C86524C6056E}.Release|Any CPU.ActiveCfg = Release|Any CPU
		{5505A6A7-A8A6-406A-8DF7-C86524C6056E}.Release|Any CPU.Build.0 = Release|Any CPU
		{696F748E-D564-49A2-B613-4FBAD2A7ECAC}.Debug|Any CPU.ActiveCfg = Debug|Any CPU
		{696F748E-D564-49A2-B613-4FBAD2A7ECAC}.Debug|Any CPU.Build.0 = Debug|Any CPU
		{696F748E-D564-49A2-B613-4FBAD2A7ECAC}.Release|Any CPU.ActiveCfg = Release|Any CPU
		{696F748E-D564-49A2-B613-4FBAD2A7ECAC}.Release|Any CPU.Build.0 = Release|Any CPU
		{EC409EAF-4C5F-4F4D-AE67-C132E1411F30}.Debug|Any CPU.ActiveCfg = Debug|Any CPU
		{EC409EAF-4C5F-4F4D-AE67-C132E1411F30}.Debug|Any CPU.Build.0 = Debug|Any CPU
		{EC409EAF-4C5F-4F4D-AE67-C132E1411F30}.Release|Any CPU.ActiveCfg = Release|Any CPU
		{EC409EAF-4C5F-4F4D-AE67-C132E1411F30}.Release|Any CPU.Build.0 = Release|Any CPU
		{8A748442-3CEE-4DC9-A437-64A67F39A728}.Debug|Any CPU.ActiveCfg = Debug|Any CPU
		{8A748442-3CEE-4DC9-A437-64A67F39A728}.Debug|Any CPU.Build.0 = Debug|Any CPU
		{8A748442-3CEE-4DC9-A437-64A67F39A728}.Release|Any CPU.ActiveCfg = Release|Any CPU
		{8A748442-3CEE-4DC9-A437-64A67F39A728}.Release|Any CPU.Build.0 = Release|Any CPU
		{4655DF8D-FC71-4AAE-AC3C-3C36D78CD22D}.Debug|Any CPU.ActiveCfg = Debug|Any CPU
		{4655DF8D-FC71-4AAE-AC3C-3C36D78CD22D}.Debug|Any CPU.Build.0 = Debug|Any CPU
		{4655DF8D-FC71-4AAE-AC3C-3C36D78CD22D}.Release|Any CPU.ActiveCfg = Release|Any CPU
		{4655DF8D-FC71-4AAE-AC3C-3C36D78CD22D}.Release|Any CPU.Build.0 = Release|Any CPU
		{7F69AA7A-3D91-435C-8A24-B5512724D5CF}.Debug|Any CPU.ActiveCfg = Debug|Any CPU
		{7F69AA7A-3D91-435C-8A24-B5512724D5CF}.Debug|Any CPU.Build.0 = Debug|Any CPU
		{7F69AA7A-3D91-435C-8A24-B5512724D5CF}.Release|Any CPU.ActiveCfg = Release|Any CPU
		{7F69AA7A-3D91-435C-8A24-B5512724D5CF}.Release|Any CPU.Build.0 = Release|Any CPU
		{60F27F78-F8A3-4893-B26E-AF8216AB8EC4}.Debug|Any CPU.ActiveCfg = Debug|Any CPU
		{60F27F78-F8A3-4893-B26E-AF8216AB8EC4}.Debug|Any CPU.Build.0 = Debug|Any CPU
		{60F27F78-F8A3-4893-B26E-AF8216AB8EC4}.Release|Any CPU.ActiveCfg = Release|Any CPU
		{60F27F78-F8A3-4893-B26E-AF8216AB8EC4}.Release|Any CPU.Build.0 = Release|Any CPU
		{8E921DC9-4F4B-4778-8967-6184C9F96462}.Debug|Any CPU.ActiveCfg = Debug|Any CPU
		{8E921DC9-4F4B-4778-8967-6184C9F96462}.Debug|Any CPU.Build.0 = Debug|Any CPU
		{8E921DC9-4F4B-4778-8967-6184C9F96462}.Release|Any CPU.ActiveCfg = Release|Any CPU
		{8E921DC9-4F4B-4778-8967-6184C9F96462}.Release|Any CPU.Build.0 = Release|Any CPU
		{C127D72D-2114-449D-927B-F21DA650C671}.Debug|Any CPU.ActiveCfg = Debug|Any CPU
		{C127D72D-2114-449D-927B-F21DA650C671}.Debug|Any CPU.Build.0 = Debug|Any CPU
		{C127D72D-2114-449D-927B-F21DA650C671}.Release|Any CPU.ActiveCfg = Release|Any CPU
		{C127D72D-2114-449D-927B-F21DA650C671}.Release|Any CPU.Build.0 = Release|Any CPU
		{36E34638-5BC5-4AA0-AF3A-B4402086E10D}.Debug|Any CPU.ActiveCfg = Debug|Any CPU
		{36E34638-5BC5-4AA0-AF3A-B4402086E10D}.Debug|Any CPU.Build.0 = Debug|Any CPU
		{36E34638-5BC5-4AA0-AF3A-B4402086E10D}.Release|Any CPU.ActiveCfg = Release|Any CPU
		{36E34638-5BC5-4AA0-AF3A-B4402086E10D}.Release|Any CPU.Build.0 = Release|Any CPU
		{7D78250B-5527-4286-B963-75C1D2A2F35D}.Debug|Any CPU.ActiveCfg = Debug|Any CPU
		{7D78250B-5527-4286-B963-75C1D2A2F35D}.Debug|Any CPU.Build.0 = Debug|Any CPU
		{7D78250B-5527-4286-B963-75C1D2A2F35D}.Release|Any CPU.ActiveCfg = Release|Any CPU
		{7D78250B-5527-4286-B963-75C1D2A2F35D}.Release|Any CPU.Build.0 = Release|Any CPU
	EndGlobalSection
	GlobalSection(SolutionProperties) = preSolution
		HideSolutionNode = FALSE
	EndGlobalSection
	GlobalSection(NestedProjects) = preSolution
		{BE260D52-573B-43F4-BE74-DE0CC2A40762} = {93AF97B1-ED3E-40A4-8057-A3D8EB9DE1D7}
		{43F32766-2E70-45B2-8859-D9585BCCB9D9} = {BE260D52-573B-43F4-BE74-DE0CC2A40762}
		{9A92DCAB-8EA0-4F39-A2F1-66091F522903} = {9CBF46CB-1EE0-4089-8EE0-2F8E0054CB59}
		{5505A6A7-A8A6-406A-8DF7-C86524C6056E} = {724E20BB-AFDD-4CC5-BB4B-BB900BE6779A}
		{D386C90C-5B62-476F-BF84-62BF17FBE910} = {93AF97B1-ED3E-40A4-8057-A3D8EB9DE1D7}
		{696F748E-D564-49A2-B613-4FBAD2A7ECAC} = {D386C90C-5B62-476F-BF84-62BF17FBE910}
		{3CBC8AA7-7587-4595-BEFE-695C9388C248} = {93AF97B1-ED3E-40A4-8057-A3D8EB9DE1D7}
		{EC409EAF-4C5F-4F4D-AE67-C132E1411F30} = {3CBC8AA7-7587-4595-BEFE-695C9388C248}
		{66148D7D-334A-422B-A251-F4894F4A17DC} = {93AF97B1-ED3E-40A4-8057-A3D8EB9DE1D7}
		{8A748442-3CEE-4DC9-A437-64A67F39A728} = {66148D7D-334A-422B-A251-F4894F4A17DC}
		{6144EFC6-B66D-41DB-8EE0-6D87F0142819} = {93AF97B1-ED3E-40A4-8057-A3D8EB9DE1D7}
		{4655DF8D-FC71-4AAE-AC3C-3C36D78CD22D} = {6144EFC6-B66D-41DB-8EE0-6D87F0142819}
		{7F69AA7A-3D91-435C-8A24-B5512724D5CF} = {6144EFC6-B66D-41DB-8EE0-6D87F0142819}
		{60F27F78-F8A3-4893-B26E-AF8216AB8EC4} = {6144EFC6-B66D-41DB-8EE0-6D87F0142819}
		{8E921DC9-4F4B-4778-8967-6184C9F96462} = {6144EFC6-B66D-41DB-8EE0-6D87F0142819}
		{C127D72D-2114-449D-927B-F21DA650C671} = {6144EFC6-B66D-41DB-8EE0-6D87F0142819}
		{7EA4AAE7-696D-430E-BEBA-3A2A7EFAFEB2} = {93AF97B1-ED3E-40A4-8057-A3D8EB9DE1D7}
		{36E34638-5BC5-4AA0-AF3A-B4402086E10D} = {7EA4AAE7-696D-430E-BEBA-3A2A7EFAFEB2}
		{7D78250B-5527-4286-B963-75C1D2A2F35D} = {3E33A8E8-4A0F-4117-9DE1-4CA075A3CDA0}
	EndGlobalSection
	GlobalSection(ExtensibilityGlobals) = postSolution
		SolutionGuid = {B47504AD-1A5B-4E99-A3BC-DB41C34CD754}
	EndGlobalSection
EndGlobal
